
Microsoft Visual Studio Solution File, Format Version 12.00
# Visual Studio 2013
VisualStudioVersion = 12.0.20827.3
MinimumVisualStudioVersion = 10.0.40219.1
Project("{2150E333-8FDC-42A3-9474-1A3956D46DE8}") = "Source", "Source", "{71921B31-7C43-48EB-B32E-2462AA42AD8F}"
EndProject
Project("{2150E333-8FDC-42A3-9474-1A3956D46DE8}") = "Server", "Server", "{2DE8E142-246F-4022-ACAE-A25BE7920944}"
EndProject
Project("{FAE04EC0-301F-11D3-BF4B-00C04F79EFBC}") = "KerLogVisualizer", "Source\Server\KerLogVisualizer\KerLogVisualizer.csproj", "{A078EA24-9496-4A13-99F1-8F2149369E0B}"
EndProject
Project("{FAE04EC0-301F-11D3-BF4B-00C04F79EFBC}") = "ClientListener", "Source\Server\ClientListener\ClientListener.csproj", "{0F028C59-31F4-4A34-98E5-D96CCF4FA3D8}"
EndProject
Project("{2150E333-8FDC-42A3-9474-1A3956D46DE8}") = "Data", "Data", "{57771E45-554C-40ED-ACD1-016B71FC43CD}"
EndProject
Project("{FAE04EC0-301F-11D3-BF4B-00C04F79EFBC}") = "KerLogData", "Source\Data\KerLogData\KerLogData.csproj", "{CAB12856-5EFA-4413-8B6D-A7E6FEED4690}"
EndProject
Project("{2150E333-8FDC-42A3-9474-1A3956D46DE8}") = "Client", "Client", "{D47D2E63-5D35-41EC-9CCF-14009DD3BE4C}"
EndProject
Project("{FAE04EC0-301F-11D3-BF4B-00C04F79EFBC}") = "KerLogClient", "Source\Client\KerLogClient\KerLogClient.csproj", "{26AA4288-B222-43A3-9C8A-AD7B94C02C2A}"
EndProject
Project("{2150E333-8FDC-42A3-9474-1A3956D46DE8}") = "Build", "Build", "{55B7DF93-804C-46D8-8258-0F14C280CA87}"
EndProject
Project("{2150E333-8FDC-42A3-9474-1A3956D46DE8}") = "External files", "External files", "{8CB429F7-5CE3-4CB9-9291-16F9F77CCBB1}"
EndProject
Project("{2150E333-8FDC-42A3-9474-1A3956D46DE8}") = "Solution Items", "Solution Items", "{1DD5D934-B7ED-412D-B5A0-0C98D1CB33D9}"
	ProjectSection(SolutionItems) = preProject
		nuget.config = nuget.config
	EndProjectSection
EndProject
Project("{2150E333-8FDC-42A3-9474-1A3956D46DE8}") = "Tests", "Tests", "{23B6BFD2-2DDA-4528-9AC6-CCC0220796C2}"
EndProject
Project("{FAE04EC0-301F-11D3-BF4B-00C04F79EFBC}") = "ProtoBufTests", "ProtoBufTests\ProtoBufTests.csproj", "{D938FA0E-E1C5-40E5-BB22-441B4BB5162A}"
EndProject
Global
	GlobalSection(SolutionConfigurationPlatforms) = preSolution
		Debug|Any CPU = Debug|Any CPU
		Release|Any CPU = Release|Any CPU
	EndGlobalSection
	GlobalSection(ProjectConfigurationPlatforms) = postSolution
		{A078EA24-9496-4A13-99F1-8F2149369E0B}.Debug|Any CPU.ActiveCfg = Debug|Any CPU
		{A078EA24-9496-4A13-99F1-8F2149369E0B}.Debug|Any CPU.Build.0 = Debug|Any CPU
		{A078EA24-9496-4A13-99F1-8F2149369E0B}.Release|Any CPU.ActiveCfg = Release|Any CPU
		{A078EA24-9496-4A13-99F1-8F2149369E0B}.Release|Any CPU.Build.0 = Release|Any CPU
		{0F028C59-31F4-4A34-98E5-D96CCF4FA3D8}.Debug|Any CPU.ActiveCfg = Debug|Any CPU
		{0F028C59-31F4-4A34-98E5-D96CCF4FA3D8}.Debug|Any CPU.Build.0 = Debug|Any CPU
		{0F028C59-31F4-4A34-98E5-D96CCF4FA3D8}.Release|Any CPU.ActiveCfg = Release|Any CPU
		{0F028C59-31F4-4A34-98E5-D96CCF4FA3D8}.Release|Any CPU.Build.0 = Release|Any CPU
		{CAB12856-5EFA-4413-8B6D-A7E6FEED4690}.Debug|Any CPU.ActiveCfg = Debug|Any CPU
		{CAB12856-5EFA-4413-8B6D-A7E6FEED4690}.Debug|Any CPU.Build.0 = Debug|Any CPU
		{CAB12856-5EFA-4413-8B6D-A7E6FEED4690}.Release|Any CPU.ActiveCfg = Release|Any CPU
		{CAB12856-5EFA-4413-8B6D-A7E6FEED4690}.Release|Any CPU.Build.0 = Release|Any CPU
		{26AA4288-B222-43A3-9C8A-AD7B94C02C2A}.Debug|Any CPU.ActiveCfg = Debug|Any CPU
		{26AA4288-B222-43A3-9C8A-AD7B94C02C2A}.Debug|Any CPU.Build.0 = Debug|Any CPU
		{26AA4288-B222-43A3-9C8A-AD7B94C02C2A}.Release|Any CPU.ActiveCfg = Release|Any CPU
		{26AA4288-B222-43A3-9C8A-AD7B94C02C2A}.Release|Any CPU.Build.0 = Release|Any CPU
		{D938FA0E-E1C5-40E5-BB22-441B4BB5162A}.Debug|Any CPU.ActiveCfg = Debug|Any CPU
		{D938FA0E-E1C5-40E5-BB22-441B4BB5162A}.Debug|Any CPU.Build.0 = Debug|Any CPU
		{D938FA0E-E1C5-40E5-BB22-441B4BB5162A}.Release|Any CPU.ActiveCfg = Release|Any CPU
		{D938FA0E-E1C5-40E5-BB22-441B4BB5162A}.Release|Any CPU.Build.0 = Release|Any CPU
	EndGlobalSection
	GlobalSection(SolutionProperties) = preSolution
		HideSolutionNode = FALSE
	EndGlobalSection
	GlobalSection(NestedProjects) = preSolution
		{2DE8E142-246F-4022-ACAE-A25BE7920944} = {71921B31-7C43-48EB-B32E-2462AA42AD8F}
		{57771E45-554C-40ED-ACD1-016B71FC43CD} = {71921B31-7C43-48EB-B32E-2462AA42AD8F}
		{D47D2E63-5D35-41EC-9CCF-14009DD3BE4C} = {71921B31-7C43-48EB-B32E-2462AA42AD8F}
		{A078EA24-9496-4A13-99F1-8F2149369E0B} = {2DE8E142-246F-4022-ACAE-A25BE7920944}
		{0F028C59-31F4-4A34-98E5-D96CCF4FA3D8} = {2DE8E142-246F-4022-ACAE-A25BE7920944}
		{CAB12856-5EFA-4413-8B6D-A7E6FEED4690} = {57771E45-554C-40ED-ACD1-016B71FC43CD}
		{26AA4288-B222-43A3-9C8A-AD7B94C02C2A} = {D47D2E63-5D35-41EC-9CCF-14009DD3BE4C}
		{D938FA0E-E1C5-40E5-BB22-441B4BB5162A} = {23B6BFD2-2DDA-4528-9AC6-CCC0220796C2}
	EndGlobalSection
EndGlobal
